
Microsoft Visual Studio Solution File, Format Version 12.00
# Visual Studio 15
VisualStudioVersion = 15.0.26403.7
MinimumVisualStudioVersion = 10.0.40219.1
Project("{FAE04EC0-301F-11D3-BF4B-00C04F79EFBC}") = "ParserConsole", "ParserConsole\ParserConsole.csproj", "{7C110F8E-1CD3-4BD2-8BF7-FDB55192C1FA}"
EndProject
Project("{FAE04EC0-301F-11D3-BF4B-00C04F79EFBC}") = "Parser", "Parser\Parser.csproj", "{EF25EC5C-14D0-4BF6-8E27-5ED6F0F70018}"
EndProject
Project("{FAE04EC0-301F-11D3-BF4B-00C04F79EFBC}") = "ParserWebComponent", "ParserWebComponent\ParserWebComponent.csproj", "{D1C0C408-CEC4-41C0-8487-425B54010258}"
EndProject
Global
	GlobalSection(SolutionConfigurationPlatforms) = preSolution
		Debug|Any CPU = Debug|Any CPU
		Release|Any CPU = Release|Any CPU
	EndGlobalSection
	GlobalSection(ProjectConfigurationPlatforms) = postSolution
		{7C110F8E-1CD3-4BD2-8BF7-FDB55192C1FA}.Debug|Any CPU.ActiveCfg = Debug|Any CPU
		{7C110F8E-1CD3-4BD2-8BF7-FDB55192C1FA}.Debug|Any CPU.Build.0 = Debug|Any CPU
		{7C110F8E-1CD3-4BD2-8BF7-FDB55192C1FA}.Release|Any CPU.ActiveCfg = Release|Any CPU
		{7C110F8E-1CD3-4BD2-8BF7-FDB55192C1FA}.Release|Any CPU.Build.0 = Release|Any CPU
		{EF25EC5C-14D0-4BF6-8E27-5ED6F0F70018}.Debug|Any CPU.ActiveCfg = Debug|Any CPU
		{EF25EC5C-14D0-4BF6-8E27-5ED6F0F70018}.Debug|Any CPU.Build.0 = Debug|Any CPU
		{EF25EC5C-14D0-4BF6-8E27-5ED6F0F70018}.Release|Any CPU.ActiveCfg = Release|Any CPU
		{EF25EC5C-14D0-4BF6-8E27-5ED6F0F70018}.Release|Any CPU.Build.0 = Release|Any CPU
		{D1C0C408-CEC4-41C0-8487-425B54010258}.Debug|Any CPU.ActiveCfg = Debug|Any CPU
		{D1C0C408-CEC4-41C0-8487-425B54010258}.Debug|Any CPU.Build.0 = Debug|Any CPU
		{D1C0C408-CEC4-41C0-8487-425B54010258}.Release|Any CPU.ActiveCfg = Release|Any CPU
		{D1C0C408-CEC4-41C0-8487-425B54010258}.Release|Any CPU.Build.0 = Release|Any CPU
	EndGlobalSection
	GlobalSection(SolutionProperties) = preSolution
		HideSolutionNode = FALSE
	EndGlobalSection
EndGlobal
